
Microsoft Visual Studio Solution File, Format Version 12.00
# Visual Studio Version 17
VisualStudioVersion = 17.5.001.0
MinimumVisualStudioVersion = 10.0.40219.1
Project("{9A19103F-16F7-4668-BE54-9A1E7A4F7556}") = "Example001_HelloConsole", "Example001_HelloConsole.csproj", "{0428AB67-B9BE-47CD-AD0F-E74BDA35FB5C}"
EndProject
Global
	GlobalSection(SolutionConfigurationPlatforms) = preSolution
		Debug|Any CPU = Debug|Any CPU
		Release|Any CPU = Release|Any CPU
	EndGlobalSection
	GlobalSection(ProjectConfigurationPlatforms) = postSolution
		{0428AB67-B9BE-47CD-AD0F-E74BDA35FB5C}.Debug|Any CPU.ActiveCfg = Debug|Any CPU
		{0428AB67-B9BE-47CD-AD0F-E74BDA35FB5C}.Debug|Any CPU.Build.0 = Debug|Any CPU
		{0428AB67-B9BE-47CD-AD0F-E74BDA35FB5C}.Release|Any CPU.ActiveCfg = Release|Any CPU
		{0428AB67-B9BE-47CD-AD0F-E74BDA35FB5C}.Release|Any CPU.Build.0 = Release|Any CPU
	EndGlobalSection
	GlobalSection(SolutionProperties) = preSolution
		HideSolutionNode = FALSE
	EndGlobalSection
	GlobalSection(ExtensibilityGlobals) = postSolution
		SolutionGuid = {9C2205E9-2B20-4C53-B1DC-0A8268FB93D3}
	EndGlobalSection
EndGlobal
